
Microsoft Visual Studio Solution File, Format Version 12.00
# Visual Studio Version 16
VisualStudioVersion = 16.0.31129.286
MinimumVisualStudioVersion = 10.0.40219.1
Project("{9A19103F-16F7-4668-BE54-9A1E7A4F7556}") = "Authorization", "Authorization.csproj", "{C57960A7-D395-47C3-A640-B9BF630F1CF0}"
EndProject
Global
	GlobalSection(SolutionConfigurationPlatforms) = preSolution
		Debug|Any CPU = Debug|Any CPU
		Release|Any CPU = Release|Any CPU
	EndGlobalSection
	GlobalSection(ProjectConfigurationPlatforms) = postSolution
		{C57960A7-D395-47C3-A640-B9BF630F1CF0}.Debug|Any CPU.ActiveCfg = Debug|Any CPU
		{C57960A7-D395-47C3-A640-B9BF630F1CF0}.Debug|Any CPU.Build.0 = Debug|Any CPU
		{C57960A7-D395-47C3-A640-B9BF630F1CF0}.Release|Any CPU.ActiveCfg = Release|Any CPU
		{C57960A7-D395-47C3-A640-B9BF630F1CF0}.Release|Any CPU.Build.0 = Release|Any CPU
	EndGlobalSection
	GlobalSection(SolutionProperties) = preSolution
		HideSolutionNode = FALSE
	EndGlobalSection
	GlobalSection(ExtensibilityGlobals) = postSolution
		SolutionGuid = {E5C40580-D2EE-472E-A75A-1512205BDC69}
	EndGlobalSection
EndGlobal
